
Microsoft Visual Studio Solution File, Format Version 12.00
# Visual Studio Version 17
VisualStudioVersion = 17.8.34525.116
MinimumVisualStudioVersion = 10.0.40219.1
Project("{FAE04EC0-301F-11D3-BF4B-00C04F79EFBC}") = "DistributeurMethodes", "DistributeurMethodes.csproj", "{DE438E19-F9F1-4AC5-968B-3AB4D6D6E387}"
EndProject
Global
	GlobalSection(SolutionConfigurationPlatforms) = preSolution
		Debug|Any CPU = Debug|Any CPU
		Release|Any CPU = Release|Any CPU
	EndGlobalSection
	GlobalSection(ProjectConfigurationPlatforms) = postSolution
		{DE438E19-F9F1-4AC5-968B-3AB4D6D6E387}.Debug|Any CPU.ActiveCfg = Debug|Any CPU
		{DE438E19-F9F1-4AC5-968B-3AB4D6D6E387}.Debug|Any CPU.Build.0 = Debug|Any CPU
		{DE438E19-F9F1-4AC5-968B-3AB4D6D6E387}.Release|Any CPU.ActiveCfg = Release|Any CPU
		{DE438E19-F9F1-4AC5-968B-3AB4D6D6E387}.Release|Any CPU.Build.0 = Release|Any CPU
	EndGlobalSection
	GlobalSection(SolutionProperties) = preSolution
		HideSolutionNode = FALSE
	EndGlobalSection
	GlobalSection(ExtensibilityGlobals) = postSolution
		SolutionGuid = {B172E28B-968C-4204-8129-50F96BDB0AF9}
	EndGlobalSection
EndGlobal
